
Microsoft Visual Studio Solution File, Format Version 12.00
# Visual Studio 15
VisualStudioVersion = 15.0.26114.2
MinimumVisualStudioVersion = 10.0.40219.1
Project("{FAE04EC0-301F-11D3-BF4B-00C04F79EFBC}") = "ExRam.Extensions", "ExRam.Extensions\ExRam.Extensions.csproj", "{CEAB8911-8BCC-424C-A504-5B09A0A494D3}"
EndProject
Project("{FAE04EC0-301F-11D3-BF4B-00C04F79EFBC}") = "ExRam.Extensions.Tests", "ExRam.Extensions.Tests\ExRam.Extensions.Tests.csproj", "{17ADE104-EA68-4BEA-A41F-516AC87DCA5A}"
EndProject
Project("{FAE04EC0-301F-11D3-BF4B-00C04F79EFBC}") = "ExRam.Extensions.FluentAssertions", "ExRam.Extensions.FluentAssertions\ExRam.Extensions.FluentAssertions.csproj", "{03068DF2-B198-4438-85CF-C2DCC45D10CF}"
EndProject
Global
	GlobalSection(SolutionConfigurationPlatforms) = preSolution
		Debug|Any CPU = Debug|Any CPU
		Release|Any CPU = Release|Any CPU
	EndGlobalSection
	GlobalSection(ProjectConfigurationPlatforms) = postSolution
		{CEAB8911-8BCC-424C-A504-5B09A0A494D3}.Debug|Any CPU.ActiveCfg = Debug|Any CPU
		{CEAB8911-8BCC-424C-A504-5B09A0A494D3}.Debug|Any CPU.Build.0 = Debug|Any CPU
		{CEAB8911-8BCC-424C-A504-5B09A0A494D3}.Release|Any CPU.ActiveCfg = Release|Any CPU
		{CEAB8911-8BCC-424C-A504-5B09A0A494D3}.Release|Any CPU.Build.0 = Release|Any CPU
		{17ADE104-EA68-4BEA-A41F-516AC87DCA5A}.Debug|Any CPU.ActiveCfg = Debug|Any CPU
		{17ADE104-EA68-4BEA-A41F-516AC87DCA5A}.Debug|Any CPU.Build.0 = Debug|Any CPU
		{17ADE104-EA68-4BEA-A41F-516AC87DCA5A}.Release|Any CPU.ActiveCfg = Release|Any CPU
		{17ADE104-EA68-4BEA-A41F-516AC87DCA5A}.Release|Any CPU.Build.0 = Release|Any CPU
		{03068DF2-B198-4438-85CF-C2DCC45D10CF}.Debug|Any CPU.ActiveCfg = Debug|Any CPU
		{03068DF2-B198-4438-85CF-C2DCC45D10CF}.Debug|Any CPU.Build.0 = Debug|Any CPU
		{03068DF2-B198-4438-85CF-C2DCC45D10CF}.Release|Any CPU.ActiveCfg = Release|Any CPU
		{03068DF2-B198-4438-85CF-C2DCC45D10CF}.Release|Any CPU.Build.0 = Release|Any CPU
	EndGlobalSection
	GlobalSection(SolutionProperties) = preSolution
		HideSolutionNode = FALSE
	EndGlobalSection
EndGlobal
